lockfileVersion: 5.4

specifiers:
  d3: ^7.6.1

dependencies:
  d3: registry.npmmirror.com/d3/7.6.1

packages:

  registry.npmmirror.com/commander/7.2.0:
    resolution: {integrity: sha512-QrWXB+ZQSVPmIWIhtEO9H+gwHaMGYiF5ChvoJ+K9ZGHG/sVsa6yiesAD1GC/x46sET00Xlwo1u49RVVVzvcSkw==, registry: http://registry.npm.taobao.org/, tarball: https://registry.npmmirror.com/commander/-/commander-7.2.0.tgz}
    name: commander
    version: 7.2.0
    engines: {node: '>= 10'}
    dev: false

  registry.npmmirror.com/d3-array/3.2.0:
    resolution: {integrity: sha512-3yXFQo0oG3QCxbF06rMPFyGRMGJNS7NvsV1+2joOjbBE+9xvWQ8+GcMJAjRCzw06zQ3/arXeJgbPYcjUCuC+3g==, registry: http://registry.npm.taobao.org/, tarball: https://registry.npmmirror.com/d3-array/-/d3-array-3.2.0.tgz}
    name: d3-array
    version: 3.2.0
    engines: {node: '>=12'}
    dependencies:
      internmap: registry.npmmirror.com/internmap/2.0.3
    dev: false

  registry.npmmirror.com/d3-axis/3.0.0:
    resolution: {integrity: sha512-IH5tgjV4jE/GhHkRV0HiVYPDtvfjHQlQfJHs0usq7M30XcSBvOotpmH1IgkcXsO/5gEQZD43B//fc7SRT5S+xw==, registry: http://registry.npm.taobao.org/, tarball: https://registry.npmmirror.com/d3-axis/-/d3-axis-3.0.0.tgz}
    name: d3-axis
    version: 3.0.0
    engines: {node: '>=12'}
    dev: false

  registry.npmmirror.com/d3-brush/3.0.0:
    resolution: {integrity: sha512-ALnjWlVYkXsVIGlOsuWH1+3udkYFI48Ljihfnh8FZPF2QS9o+PzGLBslO0PjzVoHLZ2KCVgAM8NVkXPJB2aNnQ==, registry: http://registry.npm.taobao.org/, tarball: https://registry.npmmirror.com/d3-brush/-/d3-brush-3.0.0.tgz}
    name: d3-brush
    version: 3.0.0
    engines: {node: '>=12'}
    dependencies:
      d3-dispatch: registry.npmmirror.com/d3-dispatch/3.0.1
      d3-drag: registry.npmmirror.com/d3-drag/3.0.0
      d3-interpolate: registry.npmmirror.com/d3-interpolate/3.0.1
      d3-selection: registry.npmmirror.com/d3-selection/3.0.0
      d3-transition: registry.npmmirror.com/d3-transition/3.0.1_d3-selection@3.0.0
    dev: false

  registry.npmmirror.com/d3-chord/3.0.1:
    resolution: {integrity: sha512-VE5S6TNa+j8msksl7HwjxMHDM2yNK3XCkusIlpX5kwauBfXuyLAtNg9jCp/iHH61tgI4sb6R/EIMWCqEIdjT/g==, registry: http://registry.npm.taobao.org/, tarball: https://registry.npmmirror.com/d3-chord/-/d3-chord-3.0.1.tgz}
    name: d3-chord
    version: 3.0.1
    engines: {node: '>=12'}
    dependencies:
      d3-path: registry.npmmirror.com/d3-path/3.0.1
    dev: false

  registry.npmmirror.com/d3-color/3.1.0:
    resolution: {integrity: sha512-zg/chbXyeBtMQ1LbD/WSoW2DpC3I0mpmPdW+ynRTj/x2DAWYrIY7qeZIHidozwV24m4iavr15lNwIwLxRmOxhA==, registry: http://registry.npm.taobao.org/, tarball: https://registry.npmmirror.com/d3-color/-/d3-color-3.1.0.tgz}
    name: d3-color
    version: 3.1.0
    engines: {node: '>=12'}
    dev: false

  registry.npmmirror.com/d3-contour/4.0.0:
    resolution: {integrity: sha512-7aQo0QHUTu/Ko3cP9YK9yUTxtoDEiDGwnBHyLxG5M4vqlBkO/uixMRele3nfsfj6UXOcuReVpVXzAboGraYIJw==, registry: http://registry.npm.taobao.org/, tarball: https://registry.npmmirror.com/d3-contour/-/d3-contour-4.0.0.tgz}
    name: d3-contour
    version: 4.0.0
    engines: {node: '>=12'}
    dependencies:
      d3-array: registry.npmmirror.com/d3-array/3.2.0
    dev: false

  registry.npmmirror.com/d3-delaunay/6.0.2:
    resolution: {integrity: sha512-IMLNldruDQScrcfT+MWnazhHbDJhcRJyOEBAJfwQnHle1RPh6WDuLvxNArUju2VSMSUuKlY5BGHRJ2cYyoFLQQ==, registry: http://registry.npm.taobao.org/, tarball: https://registry.npmmirror.com/d3-delaunay/-/d3-delaunay-6.0.2.tgz}
    name: d3-delaunay
    version: 6.0.2
    engines: {node: '>=12'}
    dependencies:
      delaunator: registry.npmmirror.com/delaunator/5.0.0
    dev: false

  registry.npmmirror.com/d3-dispatch/3.0.1:
    resolution: {integrity: sha512-rzUyPU/S7rwUflMyLc1ETDeBj0NRuHKKAcvukozwhshr6g6c5d8zh4c2gQjY2bZ0dXeGLWc1PF174P2tVvKhfg==, registry: http://registry.npm.taobao.org/, tarball: https://registry.npmmirror.com/d3-dispatch/-/d3-dispatch-3.0.1.tgz}
    name: d3-dispatch
    version: 3.0.1
    engines: {node: '>=12'}
    dev: false

  registry.npmmirror.com/d3-drag/3.0.0:
    resolution: {integrity: sha512-pWbUJLdETVA8lQNJecMxoXfH6x+mO2UQo8rSmZ+QqxcbyA3hfeprFgIT//HW2nlHChWeIIMwS2Fq+gEARkhTkg==, registry: http://registry.npm.taobao.org/, tarball: https://registry.npmmirror.com/d3-drag/-/d3-drag-3.0.0.tgz}
    name: d3-drag
    version: 3.0.0
    engines: {node: '>=12'}
    dependencies:
      d3-dispatch: registry.npmmirror.com/d3-dispatch/3.0.1
      d3-selection: registry.npmmirror.com/d3-selection/3.0.0
    dev: false

  registry.npmmirror.com/d3-dsv/3.0.1:
    resolution: {integrity: sha512-UG6OvdI5afDIFP9w4G0mNq50dSOsXHJaRE8arAS5o9ApWnIElp8GZw1Dun8vP8OyHOZ/QJUKUJwxiiCCnUwm+Q==, registry: http://registry.npm.taobao.org/, tarball: https://registry.npmmirror.com/d3-dsv/-/d3-dsv-3.0.1.tgz}
    name: d3-dsv
    version: 3.0.1
    engines: {node: '>=12'}
    hasBin: true
    dependencies:
      commander: registry.npmmirror.com/commander/7.2.0
      iconv-lite: registry.npmmirror.com/iconv-lite/0.6.3
      rw: registry.npmmirror.com/rw/1.3.3
    dev: false

  registry.npmmirror.com/d3-ease/3.0.1:
    resolution: {integrity: sha512-wR/XK3D3XcLIZwpbvQwQ5fK+8Ykds1ip7A2Txe0yxncXSdq1L9skcG7blcedkOX+ZcgxGAmLX1FrRGbADwzi0w==, registry: http://registry.npm.taobao.org/, tarball: https://registry.npmmirror.com/d3-ease/-/d3-ease-3.0.1.tgz}
    name: d3-ease
    version: 3.0.1
    engines: {node: '>=12'}
    dev: false

  registry.npmmirror.com/d3-fetch/3.0.1:
    resolution: {integrity: sha512-kpkQIM20n3oLVBKGg6oHrUchHM3xODkTzjMoj7aWQFq5QEM+R6E4WkzT5+tojDY7yjez8KgCBRoj4aEr99Fdqw==, registry: http://registry.npm.taobao.org/, tarball: https://registry.npmmirror.com/d3-fetch/-/d3-fetch-3.0.1.tgz}
    name: d3-fetch
    version: 3.0.1
    engines: {node: '>=12'}
    dependencies:
      d3-dsv: registry.npmmirror.com/d3-dsv/3.0.1
    dev: false

  registry.npmmirror.com/d3-force/3.0.0:
    resolution: {integrity: sha512-zxV/SsA+U4yte8051P4ECydjD/S+qeYtnaIyAs9tgHCqfguma/aAQDjo85A9Z6EKhBirHRJHXIgJUlffT4wdLg==, registry: http://registry.npm.taobao.org/, tarball: https://registry.npmmirror.com/d3-force/-/d3-force-3.0.0.tgz}
    name: d3-force
    version: 3.0.0
    engines: {node: '>=12'}
    dependencies:
      d3-dispatch: registry.npmmirror.com/d3-dispatch/3.0.1
      d3-quadtree: registry.npmmirror.com/d3-quadtree/3.0.1
      d3-timer: registry.npmmirror.com/d3-timer/3.0.1
    dev: false

  registry.npmmirror.com/d3-format/3.1.0:
    resolution: {integrity: sha512-YyUI6AEuY/Wpt8KWLgZHsIU86atmikuoOmCfommt0LYHiQSPjvX2AcFc38PX0CBpr2RCyZhjex+NS/LPOv6YqA==, registry: http://registry.npm.taobao.org/, tarball: https://registry.npmmirror.com/d3-format/-/d3-format-3.1.0.tgz}
    name: d3-format
    version: 3.1.0
    engines: {node: '>=12'}
    dev: false

  registry.npmmirror.com/d3-geo/3.0.1:
    resolution: {integrity: sha512-Wt23xBych5tSy9IYAM1FR2rWIBFWa52B/oF/GYe5zbdHrg08FU8+BuI6X4PvTwPDdqdAdq04fuWJpELtsaEjeA==, registry: http://registry.npm.taobao.org/, tarball: https://registry.npmmirror.com/d3-geo/-/d3-geo-3.0.1.tgz}
    name: d3-geo
    version: 3.0.1
    engines: {node: '>=12'}
    dependencies:
      d3-array: registry.npmmirror.com/d3-array/3.2.0
    dev: false

  registry.npmmirror.com/d3-hierarchy/3.1.2:
    resolution: {integrity: sha512-FX/9frcub54beBdugHjDCdikxThEqjnR93Qt7PvQTOHxyiNCAlvMrHhclk3cD5VeAaq9fxmfRp+CnWw9rEMBuA==, registry: http://registry.npm.taobao.org/, tarball: https://registry.npmmirror.com/d3-hierarchy/-/d3-hierarchy-3.1.2.tgz}
    name: d3-hierarchy
    version: 3.1.2
    engines: {node: '>=12'}
    dev: false

  registry.npmmirror.com/d3-interpolate/3.0.1:
    resolution: {integrity: sha512-3bYs1rOD33uo8aqJfKP3JWPAibgw8Zm2+L9vBKEHJ2Rg+viTR7o5Mmv5mZcieN+FRYaAOWX5SJATX6k1PWz72g==, registry: http://registry.npm.taobao.org/, tarball: https://registry.npmmirror.com/d3-interpolate/-/d3-interpolate-3.0.1.tgz}
    name: d3-interpolate
    version: 3.0.1
    engines: {node: '>=12'}
    dependencies:
      d3-color: registry.npmmirror.com/d3-color/3.1.0
    dev: false

  registry.npmmirror.com/d3-path/3.0.1:
    resolution: {integrity: sha512-gq6gZom9AFZby0YLduxT1qmrp4xpBA1YZr19OI717WIdKE2OM5ETq5qrHLb301IgxhLwcuxvGZVLeeWc/k1I6w==, registry: http://registry.npm.taobao.org/, tarball: https://registry.npmmirror.com/d3-path/-/d3-path-3.0.1.tgz}
    name: d3-path
    version: 3.0.1
    engines: {node: '>=12'}
    dev: false

  registry.npmmirror.com/d3-polygon/3.0.1:
    resolution: {integrity: sha512-3vbA7vXYwfe1SYhED++fPUQlWSYTTGmFmQiany/gdbiWgU/iEyQzyymwL9SkJjFFuCS4902BSzewVGsHHmHtXg==, registry: http://registry.npm.taobao.org/, tarball: https://registry.npmmirror.com/d3-polygon/-/d3-polygon-3.0.1.tgz}
    name: d3-polygon
    version: 3.0.1
    engines: {node: '>=12'}
    dev: false

  registry.npmmirror.com/d3-quadtree/3.0.1:
    resolution: {integrity: sha512-04xDrxQTDTCFwP5H6hRhsRcb9xxv2RzkcsygFzmkSIOJy3PeRJP7sNk3VRIbKXcog561P9oU0/rVH6vDROAgUw==, registry: http://registry.npm.taobao.org/, tarball: https://registry.npmmirror.com/d3-quadtree/-/d3-quadtree-3.0.1.tgz}
    name: d3-quadtree
    version: 3.0.1
    engines: {node: '>=12'}
    dev: false

  registry.npmmirror.com/d3-random/3.0.1:
    resolution: {integrity: sha512-FXMe9GfxTxqd5D6jFsQ+DJ8BJS4E/fT5mqqdjovykEB2oFbTMDVdg1MGFxfQW+FBOGoB++k8swBrgwSHT1cUXQ==, registry: http://registry.npm.taobao.org/, tarball: https://registry.npmmirror.com/d3-random/-/d3-random-3.0.1.tgz}
    name: d3-random
    version: 3.0.1
    engines: {node: '>=12'}
    dev: false

  registry.npmmirror.com/d3-scale-chromatic/3.0.0:
    resolution: {integrity: sha512-Lx9thtxAKrO2Pq6OO2Ua474opeziKr279P/TKZsMAhYyNDD3EnCffdbgeSYN5O7m2ByQsxtuP2CSDczNUIZ22g==, registry: http://registry.npm.taobao.org/, tarball: https://registry.npmmirror.com/d3-scale-chromatic/-/d3-scale-chromatic-3.0.0.tgz}
    name: d3-scale-chromatic
    version: 3.0.0
    engines: {node: '>=12'}
    dependencies:
      d3-color: registry.npmmirror.com/d3-color/3.1.0
      d3-interpolate: registry.npmmirror.com/d3-interpolate/3.0.1
    dev: false

  registry.npmmirror.com/d3-scale/4.0.2:
    resolution: {integrity: sha512-GZW464g1SH7ag3Y7hXjf8RoUuAFIqklOAq3MRl4OaWabTFJY9PN/E1YklhXLh+OQ3fM9yS2nOkCoS+WLZ6kvxQ==, registry: http://registry.npm.taobao.org/, tarball: https://registry.npmmirror.com/d3-scale/-/d3-scale-4.0.2.tgz}
    name: d3-scale
    version: 4.0.2
    engines: {node: '>=12'}
    dependencies:
      d3-array: registry.npmmirror.com/d3-array/3.2.0
      d3-format: registry.npmmirror.com/d3-format/3.1.0
      d3-interpolate: registry.npmmirror.com/d3-interpolate/3.0.1
      d3-time: registry.npmmirror.com/d3-time/3.0.0
      d3-time-format: registry.npmmirror.com/d3-time-format/4.1.0
    dev: false

  registry.npmmirror.com/d3-selection/3.0.0:
    resolution: {integrity: sha512-fmTRWbNMmsmWq6xJV8D19U/gw/bwrHfNXxrIN+HfZgnzqTHp9jOmKMhsTUjXOJnZOdZY9Q28y4yebKzqDKlxlQ==, registry: http://registry.npm.taobao.org/, tarball: https://registry.npmmirror.com/d3-selection/-/d3-selection-3.0.0.tgz}
    name: d3-selection
    version: 3.0.0
    engines: {node: '>=12'}
    dev: false

  registry.npmmirror.com/d3-shape/3.1.0:
    resolution: {integrity: sha512-tGDh1Muf8kWjEDT/LswZJ8WF85yDZLvVJpYU9Nq+8+yW1Z5enxrmXOhTArlkaElU+CTn0OTVNli+/i+HP45QEQ==, registry: http://registry.npm.taobao.org/, tarball: https://registry.npmmirror.com/d3-shape/-/d3-shape-3.1.0.tgz}
    name: d3-shape
    version: 3.1.0
    engines: {node: '>=12'}
    dependencies:
      d3-path: registry.npmmirror.com/d3-path/3.0.1
    dev: false

  registry.npmmirror.com/d3-time-format/4.1.0:
    resolution: {integrity: sha512-dJxPBlzC7NugB2PDLwo9Q8JiTR3M3e4/XANkreKSUxF8vvXKqm1Yfq4Q5dl8budlunRVlUUaDUgFt7eA8D6NLg==, registry: http://registry.npm.taobao.org/, tarball: https://registry.npmmirror.com/d3-time-format/-/d3-time-format-4.1.0.tgz}
    name: d3-time-format
    version: 4.1.0
    engines: {node: '>=12'}
    dependencies:
      d3-time: registry.npmmirror.com/d3-time/3.0.0
    dev: false

  registry.npmmirror.com/d3-time/3.0.0:
    resolution: {integrity: sha512-zmV3lRnlaLI08y9IMRXSDshQb5Nj77smnfpnd2LrBa/2K281Jijactokeak14QacHs/kKq0AQ121nidNYlarbQ==, registry: http://registry.npm.taobao.org/, tarball: https://registry.npmmirror.com/d3-time/-/d3-time-3.0.0.tgz}
    name: d3-time
    version: 3.0.0
    engines: {node: '>=12'}
    dependencies:
      d3-array: registry.npmmirror.com/d3-array/3.2.0
    dev: false

  registry.npmmirror.com/d3-timer/3.0.1:
    resolution: {integrity: sha512-ndfJ/JxxMd3nw31uyKoY2naivF+r29V+Lc0svZxe1JvvIRmi8hUsrMvdOwgS1o6uBHmiz91geQ0ylPP0aj1VUA==, registry: http://registry.npm.taobao.org/, tarball: https://registry.npmmirror.com/d3-timer/-/d3-timer-3.0.1.tgz}
    name: d3-timer
    version: 3.0.1
    engines: {node: '>=12'}
    dev: false

  registry.npmmirror.com/d3-transition/3.0.1_d3-selection@3.0.0:
    resolution: {integrity: sha512-ApKvfjsSR6tg06xrL434C0WydLr7JewBB3V+/39RMHsaXTOG0zmt/OAXeng5M5LBm0ojmxJrpomQVZ1aPvBL4w==, registry: http://registry.npm.taobao.org/, tarball: https://registry.npmmirror.com/d3-transition/-/d3-transition-3.0.1.tgz}
    id: registry.npmmirror.com/d3-transition/3.0.1
    name: d3-transition
    version: 3.0.1
    engines: {node: '>=12'}
    peerDependencies:
      d3-selection: 2 - 3
    dependencies:
      d3-color: registry.npmmirror.com/d3-color/3.1.0
      d3-dispatch: registry.npmmirror.com/d3-dispatch/3.0.1
      d3-ease: registry.npmmirror.com/d3-ease/3.0.1
      d3-interpolate: registry.npmmirror.com/d3-interpolate/3.0.1
      d3-selection: registry.npmmirror.com/d3-selection/3.0.0
      d3-timer: registry.npmmirror.com/d3-timer/3.0.1
    dev: false

  registry.npmmirror.com/d3-zoom/3.0.0:
    resolution: {integrity: sha512-b8AmV3kfQaqWAuacbPuNbL6vahnOJflOhexLzMMNLga62+/nh0JzvJ0aO/5a5MVgUFGS7Hu1P9P03o3fJkDCyw==, registry: http://registry.npm.taobao.org/, tarball: https://registry.npmmirror.com/d3-zoom/-/d3-zoom-3.0.0.tgz}
    name: d3-zoom
    version: 3.0.0
    engines: {node: '>=12'}
    dependencies:
      d3-dispatch: registry.npmmirror.com/d3-dispatch/3.0.1
      d3-drag: registry.npmmirror.com/d3-drag/3.0.0
      d3-interpolate: registry.npmmirror.com/d3-interpolate/3.0.1
      d3-selection: registry.npmmirror.com/d3-selection/3.0.0
      d3-transition: registry.npmmirror.com/d3-transition/3.0.1_d3-selection@3.0.0
    dev: false

  registry.npmmirror.com/d3/7.6.1:
    resolution: {integrity: sha512-txMTdIHFbcpLx+8a0IFhZsbp+PfBBPt8yfbmukZTQFroKuFqIwqswF0qE5JXWefylaAVpSXFoKm3yP+jpNLFLw==, registry: http://registry.npm.taobao.org/, tarball: https://registry.npmmirror.com/d3/-/d3-7.6.1.tgz}
    name: d3
    version: 7.6.1
    engines: {node: '>=12'}
    dependencies:
      d3-array: registry.npmmirror.com/d3-array/3.2.0
      d3-axis: registry.npmmirror.com/d3-axis/3.0.0
      d3-brush: registry.npmmirror.com/d3-brush/3.0.0
      d3-chord: registry.npmmirror.com/d3-chord/3.0.1
      d3-color: registry.npmmirror.com/d3-color/3.1.0
      d3-contour: registry.npmmirror.com/d3-contour/4.0.0
      d3-delaunay: registry.npmmirror.com/d3-delaunay/6.0.2
      d3-dispatch: registry.npmmirror.com/d3-dispatch/3.0.1
      d3-drag: registry.npmmirror.com/d3-drag/3.0.0
      d3-dsv: registry.npmmirror.com/d3-dsv/3.0.1
      d3-ease: registry.npmmirror.com/d3-ease/3.0.1
      d3-fetch: registry.npmmirror.com/d3-fetch/3.0.1
      d3-force: registry.npmmirror.com/d3-force/3.0.0
      d3-format: registry.npmmirror.com/d3-format/3.1.0
      d3-geo: registry.npmmirror.com/d3-geo/3.0.1
      d3-hierarchy: registry.npmmirror.com/d3-hierarchy/3.1.2
      d3-interpolate: registry.npmmirror.com/d3-interpolate/3.0.1
      d3-path: registry.npmmirror.com/d3-path/3.0.1
      d3-polygon: registry.npmmirror.com/d3-polygon/3.0.1
      d3-quadtree: registry.npmmirror.com/d3-quadtree/3.0.1
      d3-random: registry.npmmirror.com/d3-random/3.0.1
      d3-scale: registry.npmmirror.com/d3-scale/4.0.2
      d3-scale-chromatic: registry.npmmirror.com/d3-scale-chromatic/3.0.0
      d3-selection: registry.npmmirror.com/d3-selection/3.0.0
      d3-shape: registry.npmmirror.com/d3-shape/3.1.0
      d3-time: registry.npmmirror.com/d3-time/3.0.0
      d3-time-format: registry.npmmirror.com/d3-time-format/4.1.0
      d3-timer: registry.npmmirror.com/d3-timer/3.0.1
      d3-transition: registry.npmmirror.com/d3-transition/3.0.1_d3-selection@3.0.0
      d3-zoom: registry.npmmirror.com/d3-zoom/3.0.0
    dev: false

  registry.npmmirror.com/delaunator/5.0.0:
    resolution: {integrity: sha512-AyLvtyJdbv/U1GkiS6gUUzclRoAY4Gs75qkMygJJhU75LW4DNuSF2RMzpxs9jw9Oz1BobHjTdkG3zdP55VxAqw==, registry: http://registry.npm.taobao.org/, tarball: https://registry.npmmirror.com/delaunator/-/delaunator-5.0.0.tgz}
    name: delaunator
    version: 5.0.0
    dependencies:
      robust-predicates: registry.npmmirror.com/robust-predicates/3.0.1
    dev: false

  registry.npmmirror.com/iconv-lite/0.6.3:
    resolution: {integrity: sha512-4fCk79wshMdzMp2rH06qWrJE4iolqLhCUH+OiuIgU++RB0+94NlDL81atO7GX55uUKueo0txHNtvEyI6D7WdMw==, registry: http://registry.npm.taobao.org/, tarball: https://registry.npmmirror.com/iconv-lite/-/iconv-lite-0.6.3.tgz}
    name: iconv-lite
    version: 0.6.3
    engines: {node: '>=0.10.0'}
    dependencies:
      safer-buffer: registry.npmmirror.com/safer-buffer/2.1.2
    dev: false

  registry.npmmirror.com/internmap/2.0.3:
    resolution: {integrity: sha512-5Hh7Y1wQbvY5ooGgPbDaL5iYLAPzMTUrjMulskHLH6wnv/A+1q5rgEaiuqEjB+oxGXIVZs1FF+R/KPN3ZSQYYg==, registry: http://registry.npm.taobao.org/, tarball: https://registry.npmmirror.com/internmap/-/internmap-2.0.3.tgz}
    name: internmap
    version: 2.0.3
    engines: {node: '>=12'}
    dev: false

  registry.npmmirror.com/robust-predicates/3.0.1:
    resolution: {integrity: sha512-ndEIpszUHiG4HtDsQLeIuMvRsDnn8c8rYStabochtUeCvfuvNptb5TUbVD68LRAILPX7p9nqQGh4xJgn3EHS/g==, registry: http://registry.npm.taobao.org/, tarball: https://registry.npmmirror.com/robust-predicates/-/robust-predicates-3.0.1.tgz}
    name: robust-predicates
    version: 3.0.1
    dev: false

  registry.npmmirror.com/rw/1.3.3:
    resolution: {integrity: sha512-PdhdWy89SiZogBLaw42zdeqtRJ//zFd2PgQavcICDUgJT5oW10QCRKbJ6bg4r0/UY2M6BWd5tkxuGFRvCkgfHQ==, registry: http://registry.npm.taobao.org/, tarball: https://registry.npmmirror.com/rw/-/rw-1.3.3.tgz}
    name: rw
    version: 1.3.3
    dev: false

  registry.npmmirror.com/safer-buffer/2.1.2:
    resolution: {integrity: sha512-YZo3K82SD7Riyi0E1EQPojLz7kpepnSQI9IyPbHHg1XXXevb5dJI7tpyN2ADxGcQbHG7vcyRHk0cbwqcQriUtg==, registry: http://registry.npm.taobao.org/, tarball: https://registry.npmmirror.com/safer-buffer/-/safer-buffer-2.1.2.tgz}
    name: safer-buffer
    version: 2.1.2
    dev: false
